
Microsoft Visual Studio Solution File, Format Version 12.00
# Visual Studio Version 17
VisualStudioVersion = 17.1.32319.34
MinimumVisualStudioVersion = 10.0.40219.1
Project("{9A19103F-16F7-4668-BE54-9A1E7A4F7556}") = "AirportTrafficControlTower.Data", "AirportTrafficControlTower.Data\AirportTrafficControlTower.Data.csproj", "{AACE01F4-4A73-44CD-98BF-756DD5CFFD80}"
EndProject
Project("{9A19103F-16F7-4668-BE54-9A1E7A4F7556}") = "AirportTrafficControlTower.Service", "AirportTrafficControlTower.Service\AirportTrafficControlTower.Service.csproj", "{4F39DC77-74E0-4DE1-8AA1-1F01AF38DA7E}"
EndProject
Project("{9A19103F-16F7-4668-BE54-9A1E7A4F7556}") = "AirportTrafficControlTower.Manager", "AirportTrafficControlTower.Manager\AirportTrafficControlTower.Manager.csproj", "{5A5111B1-AF6A-44D9-B0A9-4CCFFF3FE448}"
EndProject
Project("{9A19103F-16F7-4668-BE54-9A1E7A4F7556}") = "AirportTrafficControlTower.Client", "AirportTrafficControlTower.Client\AirportTrafficControlTower.Client.csproj", "{1E1DFB25-86CC-49F6-9A7F-A3D9286FDF96}"
EndProject
Project("{FAE04EC0-301F-11D3-BF4B-00C04F79EFBC}") = "AirportTrafficControlTower.UnitTests", "AirportTrafficControlTower.UnitTests\AirportTrafficControlTower.UnitTests.csproj", "{002958D7-3431-4033-BB77-AEE57E1DBC48}"
EndProject
Global
	GlobalSection(SolutionConfigurationPlatforms) = preSolution
		Debug|Any CPU = Debug|Any CPU
		Release|Any CPU = Release|Any CPU
	EndGlobalSection
	GlobalSection(ProjectConfigurationPlatforms) = postSolution
		{AACE01F4-4A73-44CD-98BF-756DD5CFFD80}.Debug|Any CPU.ActiveCfg = Debug|Any CPU
		{AACE01F4-4A73-44CD-98BF-756DD5CFFD80}.Debug|Any CPU.Build.0 = Debug|Any CPU
		{AACE01F4-4A73-44CD-98BF-756DD5CFFD80}.Release|Any CPU.ActiveCfg = Release|Any CPU
		{AACE01F4-4A73-44CD-98BF-756DD5CFFD80}.Release|Any CPU.Build.0 = Release|Any CPU
		{4F39DC77-74E0-4DE1-8AA1-1F01AF38DA7E}.Debug|Any CPU.ActiveCfg = Debug|Any CPU
		{4F39DC77-74E0-4DE1-8AA1-1F01AF38DA7E}.Debug|Any CPU.Build.0 = Debug|Any CPU
		{4F39DC77-74E0-4DE1-8AA1-1F01AF38DA7E}.Release|Any CPU.ActiveCfg = Release|Any CPU
		{4F39DC77-74E0-4DE1-8AA1-1F01AF38DA7E}.Release|Any CPU.Build.0 = Release|Any CPU
		{5A5111B1-AF6A-44D9-B0A9-4CCFFF3FE448}.Debug|Any CPU.ActiveCfg = Debug|Any CPU
		{5A5111B1-AF6A-44D9-B0A9-4CCFFF3FE448}.Debug|Any CPU.Build.0 = Debug|Any CPU
		{5A5111B1-AF6A-44D9-B0A9-4CCFFF3FE448}.Release|Any CPU.ActiveCfg = Release|Any CPU
		{5A5111B1-AF6A-44D9-B0A9-4CCFFF3FE448}.Release|Any CPU.Build.0 = Release|Any CPU
		{1E1DFB25-86CC-49F6-9A7F-A3D9286FDF96}.Debug|Any CPU.ActiveCfg = Debug|Any CPU
		{1E1DFB25-86CC-49F6-9A7F-A3D9286FDF96}.Debug|Any CPU.Build.0 = Debug|Any CPU
		{1E1DFB25-86CC-49F6-9A7F-A3D9286FDF96}.Release|Any CPU.ActiveCfg = Release|Any CPU
		{1E1DFB25-86CC-49F6-9A7F-A3D9286FDF96}.Release|Any CPU.Build.0 = Release|Any CPU
		{002958D7-3431-4033-BB77-AEE57E1DBC48}.Debug|Any CPU.ActiveCfg = Debug|Any CPU
		{002958D7-3431-4033-BB77-AEE57E1DBC48}.Debug|Any CPU.Build.0 = Debug|Any CPU
		{002958D7-3431-4033-BB77-AEE57E1DBC48}.Release|Any CPU.ActiveCfg = Release|Any CPU
		{002958D7-3431-4033-BB77-AEE57E1DBC48}.Release|Any CPU.Build.0 = Release|Any CPU
	EndGlobalSection
	GlobalSection(SolutionProperties) = preSolution
		HideSolutionNode = FALSE
	EndGlobalSection
	GlobalSection(ExtensibilityGlobals) = postSolution
		SolutionGuid = {F8F58DB2-1955-4CE9-A493-FC8B5FD2E503}
	EndGlobalSection
EndGlobal
